{
  "version": 4,
  "terraform_version": "1.5.7",
  "serial": 16,
  "lineage": "225c2600-054b-48e1-1bae-7b8bed17d023",
  "outputs": {},
  "resources": [
    {
      "mode": "managed",
      "type": "google_bigquery_dataset",
      "name": "jaloliddin",
      "provider": "provider[\"registry.terraform.io/hashicorp/google\"]",
      "instances": [
        {
          "schema_version": 0,
          "attributes": {
            "access": [
              {
                "domain": "",
                "group_by_email": "",
                "role": "OWNER",
                "special_group": "",
                "user_by_email": "user1-650@natural-iridium-439511-m3.iam.gserviceaccount.com",
                "view": []
              },
              {
                "domain": "",
                "group_by_email": "",
                "role": "OWNER",
                "special_group": "projectOwners",
                "user_by_email": "",
                "view": []
              },
              {
                "domain": "",
                "group_by_email": "",
                "role": "READER",
                "special_group": "projectReaders",
                "user_by_email": "",
                "view": []
              },
              {
                "domain": "",
                "group_by_email": "",
                "role": "WRITER",
                "special_group": "projectWriters",
                "user_by_email": "",
                "view": []
              }
            ],
            "creation_time": 1729708304142,
            "dataset_id": "jaloliddin",
            "default_encryption_configuration": [],
            "default_partition_expiration_ms": 0,
            "default_table_expiration_ms": 0,
            "delete_contents_on_destroy": false,
            "description": "",
            "etag": "wu1jRdr1LmXatiddJGyUiw==",
            "friendly_name": "",
            "id": "projects/natural-iridium-439511-m3/datasets/jaloliddin",
            "labels": {},
            "last_modified_time": 1729708304142,
            "location": "US",
            "project": "natural-iridium-439511-m3",
            "self_link": "https://bigquery.googleapis.com/bigquery/v2/projects/natural-iridium-439511-m3/datasets/jaloliddin",
            "timeouts": null
          },
          "sensitive_attributes": [],
          "private": "eyJlMmJmYjczMC1lY2FhLTExZTYtOGY4OC0zNDM2M2JjN2M0YzAiOnsiY3JlYXRlIjoyNDAwMDAwMDAwMDAsImRlbGV0ZSI6MjQwMDAwMDAwMDAwLCJ1cGRhdGUiOjI0MDAwMDAwMDAwMH19"
        }
      ]
    },
    {
      "mode": "managed",
      "type": "google_bigquery_table",
      "name": "table_1",
      "provider": "provider[\"registry.terraform.io/hashicorp/google\"]",
      "instances": [
        {
          "schema_version": 0,
          "attributes": {
            "clustering": null,
            "creation_time": 1729708305107,
            "dataset_id": "jaloliddin",
            "deletion_protection": true,
            "description": "",
            "encryption_configuration": [],
            "etag": "Px8SgnUfggAGux37X+8o/g==",
            "expiration_time": 0,
            "external_data_configuration": [],
            "friendly_name": "",
            "id": "projects/natural-iridium-439511-m3/datasets/jaloliddin/tables/table1",
            "labels": {},
            "last_modified_time": 1729708305155,
            "location": "US",
            "materialized_view": [],
            "num_bytes": 0,
            "num_long_term_bytes": 0,
            "num_rows": 0,
            "project": "natural-iridium-439511-m3",
            "range_partitioning": [],
            "schema": "[{\"mode\":\"REQUIRED\",\"name\":\"id\",\"type\":\"INTEGER\"},{\"mode\":\"NULLABLE\",\"name\":\"name\",\"type\":\"STRING\"},{\"mode\":\"NULLABLE\",\"name\":\"created_at\",\"type\":\"TIMESTAMP\"}]",
            "self_link": "https://bigquery.googleapis.com/bigquery/v2/projects/natural-iridium-439511-m3/datasets/jaloliddin/tables/table1",
            "table_id": "table1",
            "time_partitioning": [],
            "type": "TABLE",
            "view": []
          },
          "sensitive_attributes": [],
          "private": "bnVsbA==",
          "dependencies": [
            "google_bigquery_dataset.jaloliddin"
          ]
        }
      ]
    }
  ],
  "check_results": null
}
